
Microsoft Visual Studio Solution File, Format Version 12.00
# Visual Studio Version 17
VisualStudioVersion = 17.9.34622.214
MinimumVisualStudioVersion = 10.0.40219.1
Project("{FAE04EC0-301F-11D3-BF4B-00C04F79EFBC}") = "TebakKata", "TebakKata\TebakKata.csproj", "{27435EB9-DAD5-47A6-BF5C-2F9EE48C69E7}"
EndProject
Global
	GlobalSection(SolutionConfigurationPlatforms) = preSolution
		Debug|Any CPU = Debug|Any CPU
		Release|Any CPU = Release|Any CPU
	EndGlobalSection
	GlobalSection(ProjectConfigurationPlatforms) = postSolution
		{27435EB9-DAD5-47A6-BF5C-2F9EE48C69E7}.Debug|Any CPU.ActiveCfg = Debug|Any CPU
		{27435EB9-DAD5-47A6-BF5C-2F9EE48C69E7}.Debug|Any CPU.Build.0 = Debug|Any CPU
		{27435EB9-DAD5-47A6-BF5C-2F9EE48C69E7}.Release|Any CPU.ActiveCfg = Release|Any CPU
		{27435EB9-DAD5-47A6-BF5C-2F9EE48C69E7}.Release|Any CPU.Build.0 = Release|Any CPU
	EndGlobalSection
	GlobalSection(SolutionProperties) = preSolution
		HideSolutionNode = FALSE
	EndGlobalSection
	GlobalSection(ExtensibilityGlobals) = postSolution
		SolutionGuid = {DF5B0311-B65D-4C50-9C9B-E6331B5DC6AB}
	EndGlobalSection
EndGlobal
